# This file is generated by running "yarn install" inside your project.
# Manual changes might be lost - proceed with caution!

__metadata:
  version: 6
  cacheKey: 8

"@tauri-apps/api@npm:^1.0.2":
  version: 1.1.0
  resolution: "@tauri-apps/api@npm:1.1.0"
  checksum: 0e8cc6b619f7ebc3671fbc0608adc61ddd6fd812f87e18322a4d683ee188629a9c738f77a7c2a56d31f938fe2f65be733a7b30ac39d5210d51a7f0db8418cc9b
  languageName: node
  linkType: hard

"@tauri-apps/cli-darwin-arm64@npm:1.1.1":
  version: 1.1.1
  resolution: "@tauri-apps/cli-darwin-arm64@npm:1.1.1"
  conditions: os=darwin & cpu=arm64
  languageName: node
  linkType: hard

"@tauri-apps/cli-darwin-x64@npm:1.1.1":
  version: 1.1.1
  resolution: "@tauri-apps/cli-darwin-x64@npm:1.1.1"
  conditions: os=darwin & cpu=x64
  languageName: node
  linkType: hard

"@tauri-apps/cli-linux-arm-gnueabihf@npm:1.1.1":
  version: 1.1.1
  resolution: "@tauri-apps/cli-linux-arm-gnueabihf@npm:1.1.1"
  conditions: os=linux & cpu=arm
  languageName: node
  linkType: hard

"@tauri-apps/cli-linux-arm64-gnu@npm:1.1.1":
  version: 1.1.1
  resolution: "@tauri-apps/cli-linux-arm64-gnu@npm:1.1.1"
  conditions: os=linux & cpu=arm64 & libc=glibc
  languageName: node
  linkType: hard

"@tauri-apps/cli-linux-arm64-musl@npm:1.1.1":
  version: 1.1.1
  resolution: "@tauri-apps/cli-linux-arm64-musl@npm:1.1.1"
  conditions: os=linux & cpu=arm64 & libc=musl
  languageName: node
  linkType: hard

"@tauri-apps/cli-linux-x64-gnu@npm:1.1.1":
  version: 1.1.1
  resolution: "@tauri-apps/cli-linux-x64-gnu@npm:1.1.1"
  conditions: os=linux & cpu=x64 & libc=glibc
  languageName: node
  linkType: hard

"@tauri-apps/cli-linux-x64-musl@npm:1.1.1":
  version: 1.1.1
  resolution: "@tauri-apps/cli-linux-x64-musl@npm:1.1.1"
  conditions: os=linux & cpu=x64 & libc=musl
  languageName: node
  linkType: hard

"@tauri-apps/cli-win32-ia32-msvc@npm:1.1.1":
  version: 1.1.1
  resolution: "@tauri-apps/cli-win32-ia32-msvc@npm:1.1.1"
  conditions: os=win32 & cpu=ia32
  languageName: node
  linkType: hard

"@tauri-apps/cli-win32-x64-msvc@npm:1.1.1":
  version: 1.1.1
  resolution: "@tauri-apps/cli-win32-x64-msvc@npm:1.1.1"
  conditions: os=win32 & cpu=x64
  languageName: node
  linkType: hard

"@tauri-apps/cli@npm:^1.0.2":
  version: 1.1.1
  resolution: "@tauri-apps/cli@npm:1.1.1"
  dependencies:
    "@tauri-apps/cli-darwin-arm64": 1.1.1
    "@tauri-apps/cli-darwin-x64": 1.1.1
    "@tauri-apps/cli-linux-arm-gnueabihf": 1.1.1
    "@tauri-apps/cli-linux-arm64-gnu": 1.1.1
    "@tauri-apps/cli-linux-arm64-musl": 1.1.1
    "@tauri-apps/cli-linux-x64-gnu": 1.1.1
    "@tauri-apps/cli-linux-x64-musl": 1.1.1
    "@tauri-apps/cli-win32-ia32-msvc": 1.1.1
    "@tauri-apps/cli-win32-x64-msvc": 1.1.1
  dependenciesMeta:
    "@tauri-apps/cli-darwin-arm64":
      optional: true
    "@tauri-apps/cli-darwin-x64":
      optional: true
    "@tauri-apps/cli-linux-arm-gnueabihf":
      optional: true
    "@tauri-apps/cli-linux-arm64-gnu":
      optional: true
    "@tauri-apps/cli-linux-arm64-musl":
      optional: true
    "@tauri-apps/cli-linux-x64-gnu":
      optional: true
    "@tauri-apps/cli-linux-x64-musl":
      optional: true
    "@tauri-apps/cli-win32-ia32-msvc":
      optional: true
    "@tauri-apps/cli-win32-x64-msvc":
      optional: true
  bin:
    tauri: tauri.js
  checksum: e906195b1844d7c69774818bbb8507a8b3ea0ed9045426d52eb2317554decf5c4dd513b4a2ed4c03ff66ccde8d5e3576d3069192bafedad5979ba35a1ebdc2d2
  languageName: node
  linkType: hard

"jd-read@workspace:.":
  version: 0.0.0-use.local
  resolution: "jd-read@workspace:."
  dependencies:
    "@tauri-apps/api": ^1.0.2
    "@tauri-apps/cli": ^1.0.2
  languageName: unknown
  linkType: soft
